
Microsoft Visual Studio Solution File, Format Version 12.00
# Visual Studio 14
VisualStudioVersion = 14.0.24720.0
MinimumVisualStudioVersion = 10.0.40219.1
Project("{FAE04EC0-301F-11D3-BF4B-00C04F79EFBC}") = "BFInterpreter 2.0", "BFInterpreter 2.0\BFInterpreter 2.0.csproj", "{27DB328B-122A-4066-B397-A126EDCC6A5A}"
EndProject
Project("{FAE04EC0-301F-11D3-BF4B-00C04F79EFBC}") = "BFInterpreter 2.0 Tests", "BFInterpreter 2.0 Tests\BFInterpreter 2.0 Tests.csproj", "{F7A3B3A8-7D4F-4F6C-B444-14EF607ED867}"
EndProject
Project("{2150E333-8FDC-42A3-9474-1A3956D46DE8}") = "Solution Items", "Solution Items", "{3174F7EE-6229-47CB-AFFB-7CFEC643106C}"
EndProject
Global
	GlobalSection(SolutionConfigurationPlatforms) = preSolution
		Debug|Any CPU = Debug|Any CPU
		Release|Any CPU = Release|Any CPU
	EndGlobalSection
	GlobalSection(ProjectConfigurationPlatforms) = postSolution
		{27DB328B-122A-4066-B397-A126EDCC6A5A}.Debug|Any CPU.ActiveCfg = Debug|Any CPU
		{27DB328B-122A-4066-B397-A126EDCC6A5A}.Debug|Any CPU.Build.0 = Debug|Any CPU
		{27DB328B-122A-4066-B397-A126EDCC6A5A}.Release|Any CPU.ActiveCfg = Release|Any CPU
		{27DB328B-122A-4066-B397-A126EDCC6A5A}.Release|Any CPU.Build.0 = Release|Any CPU
		{F7A3B3A8-7D4F-4F6C-B444-14EF607ED867}.Debug|Any CPU.ActiveCfg = Debug|Any CPU
		{F7A3B3A8-7D4F-4F6C-B444-14EF607ED867}.Debug|Any CPU.Build.0 = Debug|Any CPU
		{F7A3B3A8-7D4F-4F6C-B444-14EF607ED867}.Release|Any CPU.ActiveCfg = Release|Any CPU
		{F7A3B3A8-7D4F-4F6C-B444-14EF607ED867}.Release|Any CPU.Build.0 = Release|Any CPU
	EndGlobalSection
	GlobalSection(SolutionProperties) = preSolution
		HideSolutionNode = FALSE
	EndGlobalSection
EndGlobal
